
Microsoft Visual Studio Solution File, Format Version 12.00
# Visual Studio Version 16
VisualStudioVersion = 16.0.29926.136
MinimumVisualStudioVersion = 10.0.40219.1
Project("{FAE04EC0-301F-11D3-BF4B-00C04F79EFBC}") = "Hospital", "Hospital\Hospital.csproj", "{B5DE7A25-43BD-4044-BB53-E0E3DE23E06B}"
EndProject
Global
	GlobalSection(SolutionConfigurationPlatforms) = preSolution
		Debug|Any CPU = Debug|Any CPU
		Release|Any CPU = Release|Any CPU
	EndGlobalSection
	GlobalSection(ProjectConfigurationPlatforms) = postSolution
		{B5DE7A25-43BD-4044-BB53-E0E3DE23E06B}.Debug|Any CPU.ActiveCfg = Debug|Any CPU
		{B5DE7A25-43BD-4044-BB53-E0E3DE23E06B}.Debug|Any CPU.Build.0 = Debug|Any CPU
		{B5DE7A25-43BD-4044-BB53-E0E3DE23E06B}.Release|Any CPU.ActiveCfg = Release|Any CPU
		{B5DE7A25-43BD-4044-BB53-E0E3DE23E06B}.Release|Any CPU.Build.0 = Release|Any CPU
	EndGlobalSection
	GlobalSection(SolutionProperties) = preSolution
		HideSolutionNode = FALSE
	EndGlobalSection
	GlobalSection(ExtensibilityGlobals) = postSolution
		SolutionGuid = {CF545F60-78ED-4880-B15E-E3DC69906395}
	EndGlobalSection
EndGlobal
